
Microsoft Visual Studio Solution File, Format Version 12.00
# Visual Studio Version 17
VisualStudioVersion = 17.6.33829.357
MinimumVisualStudioVersion = 10.0.40219.1
Project("{FAE04EC0-301F-11D3-BF4B-00C04F79EFBC}") = "Thread Priority", "Thread Priority\Thread Priority.csproj", "{BC77F875-68B6-4C60-979D-AD863EC43463}"
EndProject
Global
	GlobalSection(SolutionConfigurationPlatforms) = preSolution
		Debug|Any CPU = Debug|Any CPU
		Release|Any CPU = Release|Any CPU
	EndGlobalSection
	GlobalSection(ProjectConfigurationPlatforms) = postSolution
		{BC77F875-68B6-4C60-979D-AD863EC43463}.Debug|Any CPU.ActiveCfg = Debug|Any CPU
		{BC77F875-68B6-4C60-979D-AD863EC43463}.Debug|Any CPU.Build.0 = Debug|Any CPU
		{BC77F875-68B6-4C60-979D-AD863EC43463}.Release|Any CPU.ActiveCfg = Release|Any CPU
		{BC77F875-68B6-4C60-979D-AD863EC43463}.Release|Any CPU.Build.0 = Release|Any CPU
	EndGlobalSection
	GlobalSection(SolutionProperties) = preSolution
		HideSolutionNode = FALSE
	EndGlobalSection
	GlobalSection(ExtensibilityGlobals) = postSolution
		SolutionGuid = {FCAA39EE-64C1-48FC-A51F-3F6A34018AD5}
	EndGlobalSection
EndGlobal
